{
  "name": "TECSUP",
  "lockfileVersion": 3,
  "requires": true,
  "packages": {
    "": {
      "devDependencies": {
        "vue-style-loader": "^4.1.3"
      }
    },
    "node_modules/big.js": {
      "version": "5.2.2",
      "resolved": "https://registry.npmjs.org/big.js/-/big.js-5.2.2.tgz",
      "integrity": "sha512-vyL2OymJxmarO8gxMr0mhChsO9QGwhynfuu4+MHTAW6czfq9humCB7rKpUjDd9YUiDPU4mzpyupFSvOClAwbmQ==",
      "dev": true,
      "license": "MIT",
      "engines": {
        "node": "*"
      }
    },
    "node_modules/emojis-list": {
      "version": "3.0.0",
      "resolved": "https://registry.npmjs.org/emojis-list/-/emojis-list-3.0.0.tgz",
      "integrity": "sha512-/kyM18EfinwXZbno9FyUGeFh87KC8HRQBQGildHZbEuRyWFOmv1U10o9BBp8XVZDVNNuQKyIGIu5ZYAAXJ0V2Q==",
      "dev": true,
      "license": "MIT",
      "engines": {
        "node": ">= 4"
      }
    },
    "node_modules/hash-sum": {
      "version": "1.0.2",
      "resolved": "https://registry.npmjs.org/hash-sum/-/hash-sum-1.0.2.tgz",
      "integrity": "sha512-fUs4B4L+mlt8/XAtSOGMUO1TXmAelItBPtJG7CyHJfYTdDjwisntGO2JQz7oUsatOY9o68+57eziUVNw/mRHmA==",
      "dev": true,
      "license": "MIT"
    },
    "node_modules/json5": {
      "version": "1.0.2",
      "resolved": "https://registry.npmjs.org/json5/-/json5-1.0.2.tgz",
      "integrity": "sha512-g1MWMLBiz8FKi1e4w0UyVL3w+iJceWAFBAaBnnGKOpNa5f8TLktkbre1+s6oICydWAm+HRUGTmI+//xv2hvXYA==",
      "dev": true,
      "license": "MIT",
      "dependencies": {
        "minimist": "^1.2.0"
      },
      "bin": {
        "json5": "lib/cli.js"
      }
    },
    "node_modules/loader-utils": {
      "version": "1.4.2",
      "resolved": "https://registry.npmjs.org/loader-utils/-/loader-utils-1.4.2.tgz",
      "integrity": "sha512-I5d00Pd/jwMD2QCduo657+YM/6L3KZu++pmX9VFncxaxvHcru9jx1lBaFft+r4Mt2jK0Yhp41XlRAihzPxHNCg==",
      "dev": true,
      "license": "MIT",
      "dependencies": {
        "big.js": "^5.2.2",
        "emojis-list": "^3.0.0",
        "json5": "^1.0.1"
      },
      "engines": {
        "node": ">=4.0.0"
      }
    },
    "node_modules/minimist": {
      "version": "1.2.8",
      "resolved": "https://registry.npmjs.org/minimist/-/minimist-1.2.8.tgz",
      "integrity": "sha512-2yyAR8qBkN3YuheJanUpWC5U3bb5osDywNB8RzDVlDwDHbocAJveqqj1u8+SVD7jkWT4yvsHCpWqqWqAxb0zCA==",
      "dev": true,
      "license": "MIT",
      "funding": {
        "url": "https://github.com/sponsors/ljharb"
      }
    },
    "node_modules/vue-style-loader": {
      "version": "4.1.3",
      "resolved": "https://registry.npmjs.org/vue-style-loader/-/vue-style-loader-4.1.3.tgz",
      "integrity": "sha512-sFuh0xfbtpRlKfm39ss/ikqs9AbKCoXZBpHeVZ8Tx650o0k0q/YCM7FRvigtxpACezfq6af+a7JeqVTWvncqDg==",
      "dev": true,
      "license": "MIT",
      "dependencies": {
        "hash-sum": "^1.0.2",
        "loader-utils": "^1.0.2"
      }
    }
  }
}
